# THIS IS AN AUTOGENERATED FILE. DO NOT EDIT THIS FILE DIRECTLY.
# yarn lockfile v1


"@babel/runtime@^7.0.0", "@babel/runtime@^7.10.1":
  version "7.10.4"
  resolved "https://registry.yarnpkg.com/@babel/runtime/-/runtime-7.10.4.tgz#a6724f1a6b8d2f6ea5236dbfe58c7d7ea9c5eb99"
  integrity sha512-UpTN5yUJr9b4EX2CnGNWIvER7Ab83ibv0pcvvHc4UOdrBI5jb8bj+32cCwPX6xu0mt2daFNjYhoi+X7beH0RSw==
  dependencies:
    regenerator-runtime "^0.13.4"

"@types/classnames@^2.2.10":
  version "2.2.10"
  resolved "https://registry.yarnpkg.com/@types/classnames/-/classnames-2.2.10.tgz#cc658ca319b6355399efc1f5b9e818f1a24bf999"
  integrity sha512-1UzDldn9GfYYEsWWnn/P4wkTlkZDH7lDb0wBMGbtIQc9zXEQq7FlKBdZUn6OBqD8sKZZ2RQO2mAjGpXiDGoRmQ==

"@types/prop-types@*":
  version "15.7.3"
  resolved "https://registry.yarnpkg.com/@types/prop-types/-/prop-types-15.7.3.tgz#2ab0d5da2e5815f94b0b9d4b95d1e5f243ab2ca7"
  integrity sha512-KfRL3PuHmqQLOG+2tGpRO26Ctg+Cq1E01D2DMriKEATHgWLfeNDmq9e29Q9WIky0dQ3NPkd1mzYH8Lm936Z9qw==

"@types/react-window@^1.8.2":
  version "1.8.2"
  resolved "https://registry.yarnpkg.com/@types/react-window/-/react-window-1.8.2.tgz#a5a6b2762ce73ffaab7911ee1397cf645f2459fe"
  integrity sha512-gP1xam68Wc4ZTAee++zx6pTdDAH08rAkQrWm4B4F/y6hhmlT9Mgx2q8lTCXnrPHXsr15XjRN9+K2DLKcz44qEQ==
  dependencies:
    "@types/react" "*"

"@types/react@*":
  version "16.9.41"
  resolved "https://registry.yarnpkg.com/@types/react/-/react-16.9.41.tgz#925137ee4d2ff406a0ecf29e8e9237390844002e"
  integrity sha512-6cFei7F7L4wwuM+IND/Q2cV1koQUvJ8iSV+Gwn0c3kvABZ691g7sp3hfEQHOUBJtccl1gPi+EyNjMIl9nGA0ug==
  dependencies:
    "@types/prop-types" "*"
    csstype "^2.2.0"

classnames@^2.2.1, classnames@^2.2.6:
  version "2.2.6"
  resolved "https://registry.yarnpkg.com/classnames/-/classnames-2.2.6.tgz#43935bffdd291f326dad0a205309b38d00f650ce"
  integrity sha512-JR/iSQOSt+LQIWwrwEzJ9uk0xfN3mTVYMwt1Ir5mUcSN6pU+V4zQFFaJsclJbPuAUQH+yfWef6tm7l1quW3C8Q==

csstype@^2.2.0:
  version "2.6.11"
  resolved "https://registry.yarnpkg.com/csstype/-/csstype-2.6.11.tgz#452f4d024149ecf260a852b025e36562a253ffc5"
  integrity sha512-l8YyEC9NBkSm783PFTvh0FmJy7s5pFKrDp49ZL7zBGX3fWkO+N4EEyan1qqp8cwPLDcD0OSdyY6hAMoxp34JFw==

"memoize-one@>=3.1.1 <6":
  version "5.1.1"
  resolved "https://registry.yarnpkg.com/memoize-one/-/memoize-one-5.1.1.tgz#047b6e3199b508eaec03504de71229b8eb1d75c0"
  integrity sha512-HKeeBpWvqiVJD57ZUAsJNm71eHTykffzcLZVYWiVfQeI1rJtuEaS7hQiEpWfVVk18donPwJEcFKIkCmPJNOhHA==

rc-resize-observer@^0.2.3:
  version "0.2.3"
  resolved "https://registry.yarnpkg.com/rc-resize-observer/-/rc-resize-observer-0.2.3.tgz#8268284d1766d163240b1682661ae7b59bc4523d"
  integrity sha512-dEPCGX15eRRnu+TNBIGyEghpzE24fTDW8pHdJPJS/kCR3lafFqBLqKzBgZW6pMUuM70/ZDyFQ0Kynx9kWsXRNw==
  dependencies:
    "@babel/runtime" "^7.10.1"
    classnames "^2.2.1"
    rc-util "^5.0.0"
    resize-observer-polyfill "^1.5.1"

rc-util@^5.0.0:
  version "5.0.5"
  resolved "https://registry.yarnpkg.com/rc-util/-/rc-util-5.0.5.tgz#d29d626edc931fbf8b45b4aa48fb9e44ce2300bd"
  integrity sha512-zLIdNm6qz+hQbB5T1fmzHFFgPuRl3uB2eS2iLR/mewUWvgC3l7NzRYRVlHoCEEFVUkKEEsHuJXG1J52FInl5lA==
  dependencies:
    react-is "^16.12.0"
    shallowequal "^1.1.0"

react-is@^16.12.0:
  version "16.13.1"
  resolved "https://registry.yarnpkg.com/react-is/-/react-is-16.13.1.tgz#789729a4dc36de2999dc156dd6c1d9c18cea56a4"
  integrity sha512-24e6ynE2H+OKt4kqsOvNd8kBpV65zoxbA4BVsEOB3ARVWQki/DHzaUoC5KuON/BiccDaCCTZBuOcfZs70kR8bQ==

react-window@^1.8.5:
  version "1.8.5"
  resolved "https://registry.yarnpkg.com/react-window/-/react-window-1.8.5.tgz#a56b39307e79979721021f5d06a67742ecca52d1"
  integrity sha512-HeTwlNa37AFa8MDZFZOKcNEkuF2YflA0hpGPiTT9vR7OawEt+GZbfM6wqkBahD3D3pUjIabQYzsnY/BSJbgq6Q==
  dependencies:
    "@babel/runtime" "^7.0.0"
    memoize-one ">=3.1.1 <6"

regenerator-runtime@^0.13.4:
  version "0.13.5"
  resolved "https://registry.yarnpkg.com/regenerator-runtime/-/regenerator-runtime-0.13.5.tgz#d878a1d094b4306d10b9096484b33ebd55e26697"
  integrity sha512-ZS5w8CpKFinUzOwW3c83oPeVXoNsrLsaCoLtJvAClH135j/R77RuymhiSErhm2lKcwSCIpmvIWSbDkIfAqKQlA==

resize-observer-polyfill@^1.5.1:
  version "1.5.1"
  resolved "https://registry.yarnpkg.com/resize-observer-polyfill/-/resize-observer-polyfill-1.5.1.tgz#0e9020dd3d21024458d4ebd27e23e40269810464"
  integrity sha512-LwZrotdHOo12nQuZlHEmtuXdqGoOD0OhaxopaNFxWzInpEgaLWoVuAMbTzixuosCx2nEG58ngzW3vxdWoxIgdg==

shallowequal@^1.1.0:
  version "1.1.0"
  resolved "https://registry.yarnpkg.com/shallowequal/-/shallowequal-1.1.0.tgz#188d521de95b9087404fd4dcb68b13df0ae4e7f8"
  integrity sha512-y0m1JoUZSlPAjXVtPPW70aZWfIL/dSP7AFkRnniLCrK/8MDKog3TySTBmckD+RObVxH0v4Tox67+F14PdED2oQ==
